Microsoft Visual Studio Solution File, Format Version 12.00
# Visual Studio Version 17
VisualStudioVersion = 17.5.2.0
MinimumVisualStudioVersion = 10.0.40219.1
Project("{FAE04EC0-301F-11D3-BF4B-00C04F79EFBC}") = "TauriBlazorGallery", "src\TauriBlazorGallery.csproj", "{948C8080-CE71-083B-80D9-4531A921790F}"
EndProject
Global
	GlobalSection(SolutionConfigurationPlatforms) = preSolution
		Debug|Any CPU = Debug|Any CPU
		Release|Any CPU = Release|Any CPU
	EndGlobalSection
	GlobalSection(ProjectConfigurationPlatforms) = postSolution
		{948C8080-CE71-083B-80D9-4531A921790F}.Debug|Any CPU.ActiveCfg = Debug|Any CPU
		{948C8080-CE71-083B-80D9-4531A921790F}.Debug|Any CPU.Build.0 = Debug|Any CPU
		{948C8080-CE71-083B-80D9-4531A921790F}.Release|Any CPU.ActiveCfg = Release|Any CPU
		{948C8080-CE71-083B-80D9-4531A921790F}.Release|Any CPU.Build.0 = Release|Any CPU
	EndGlobalSection
	GlobalSection(SolutionProperties) = preSolution
		HideSolutionNode = FALSE
	EndGlobalSection
	GlobalSection(ExtensibilityGlobals) = postSolution
		SolutionGuid = {5EDCB5EE-483A-4BAB-9BA7-3761708E673D}
	EndGlobalSection
EndGlobal
